// !$*UTF8*$!
{
	archiveVersion = 1;
	classes = {
	};
	objectVersion = 77;
	objects = {

/* Begin PBXBuildFile section */
		985B58BC30055ED20070D6E7 /* AppDelegate.swift in Sources */ = {isa = PBXBuildFile; fileRef = 985B58BB30055ED20070D6E7 /* AppDelegate.swift */; };
		985B58C030055ED20070D6E7 /* Main.html in Resources */ = {isa = PBXBuildFile; fileRef = 985B58BE30055ED20070D6E7 /* Main.html */; };
		985B58C230055ED20070D6E7 /* Icon.png in Resources */ = {isa = PBXBuildFile; fileRef = 985B58C130055ED20070D6E7 /* Icon.png */; };
		985B58C430055ED20070D6E7 /* Style.css in Resources */ = {isa = PBXBuildFile; fileRef = 985B58C330055ED20070D6E7 /* Style.css */; };
		985B58C630055ED20070D6E7 /* SceneDelegate.swift in Sources */ = {isa = PBXBuildFile; fileRef = 985B58C530055ED20070D6E7 /* SceneDelegate.swift */; };
		985B58C830055ED20070D6E7 /* ViewController.swift in Sources */ = {isa = PBXBuildFile; fileRef = 985B58C730055ED20070D6E7 /* ViewController.swift */; };
		985B58CB30055ED20070D6E7 /* LaunchScreen.storyboard in Resources */ = {isa = PBXBuildFile; fileRef = 985B58C930055ED20070D6E7 /* LaunchScreen.storyboard */; };
		985B58CE30055ED20070D6E7 /* Main.storyboard in Resources */ = {isa = PBXBuildFile; fileRef = 985B58CC30055ED20070D6E7 /* Main.storyboard */; };
		985B58D630055ED20070D6E7 /* Bookwalka Extension.appex in Embed Foundation Extensions */ = {isa = PBXBuildFile; fileRef = 985B58D530055ED20070D6E7 /* Bookwalka Extension.appex */; settings = {ATTRIBUTES = (RemoveHeadersOnCopy, ); }; };
		985B58DB30055ED20070D6E7 /* SafariWebExtensionHandler.swift in Sources */ = {isa = PBXBuildFile; fileRef = 985B58DA30055ED20070D6E7 /* SafariWebExtensionHandler.swift */; };
		985B58DD30055ED20070D6E7 /* Assets.xcassets in Resources */ = {isa = PBXBuildFile; fileRef = 985B58CF30055ED20070D6E7 /* Assets.xcassets */; };
		985B58F030055ED20070D6E7 /* bell.png in Resources */ = {isa = PBXBuildFile; fileRef = 985B58E830055ED20070D6E7 /* bell.png */; };
		985B58F130055ED20070D6E7 /* index.html in Resources */ = {isa = PBXBuildFile; fileRef = 985B58E930055ED20070D6E7 /* index.html */; };
		985B58F230055ED20070D6E7 /* manifest.json in Resources */ = {isa = PBXBuildFile; fileRef = 985B58EA30055ED20070D6E7 /* manifest.json */; };
		985B58F330055ED20070D6E7 /* content-script.js in Resources */ = {isa = PBXBuildFile; fileRef = 985B58EB30055ED20070D6E7 /* content-script.js */; };
		985B58F430055ED20070D6E7 /* service-worker.js in Resources */ = {isa = PBXBuildFile; fileRef = 985B58EC30055ED20070D6E7 /* service-worker.js */; };
		985B58F530055ED20070D6E7 /* assets in Resources */ = {isa = PBXBuildFile; fileRef = 985B58ED30055ED20070D6E7 /* assets */; };
		985B58F630055ED20070D6E7 /* icons.svg in Resources */ = {isa = PBXBuildFile; fileRef = 985B58EE30055ED20070D6E7 /* icons.svg */; };
		985B58F730055ED20070D6E7 /* favicon.svg in Resources */ = {isa = PBXBuildFile; fileRef = 985B58EF30055ED20070D6E7 /* favicon.svg */; };
/* End PBXBuildFile section */

/* Begin PBXContainerItemProxy section */
		985B58D730055ED20070D6E7 /* PBXContainerItemProxy */ = {
			isa = PBXContainerItemProxy;
			containerPortal = 985B58B030055ED20070D6E7 /* Project object */;
			proxyType = 1;
			remoteGlobalIDString = 985B58D430055ED20070D6E7;
			remoteInfo = "Bookwalka Extension";
		};
/* End PBXContainerItemProxy section */

/* Begin PBXCopyFilesBuildPhase section */
		985B58E330055ED20070D6E7 /* Embed Foundation Extensions */ = {
			isa = PBXCopyFilesBuildPhase;
			buildActionMask = 2147483647;
			dstPath = "";
			dstSubfolderSpec = 13;
			files = (
				985B58D630055ED20070D6E7 /* Bookwalka Extension.appex in Embed Foundation Extensions */,
			);
			name = "Embed Foundation Extensions";
			runOnlyForDeploymentPostprocessing = 0;
		};
/* End PBXCopyFilesBuildPhase section */

/* Begin PBXFileReference section */
		985B58B830055ED20070D6E7 /* Bookwalka.app */ = {isa = PBXFileReference; explicitFileType = wrapper.application; includeInIndex = 0; path = Bookwalka.app; sourceTree = BUILT_PRODUCTS_DIR; };
		985B58BB30055ED20070D6E7 /* AppDelegate.swift */ = {isa = PBXFileReference; lastKnownFileType = sourcecode.swift; path = AppDelegate.swift; sourceTree = "<group>"; };
		985B58BF30055ED20070D6E7 /* Base */ = {isa = PBXFileReference; lastKnownFileType = text.html; name = Base; path = Base.lproj/Main.html; sourceTree = "<group>"; };
		985B58C130055ED20070D6E7 /* Icon.png */ = {isa = PBXFileReference; lastKnownFileType = image.png; path = Icon.png; sourceTree = "<group>"; };
		985B58C330055ED20070D6E7 /* Style.css */ = {isa = PBXFileReference; lastKnownFileType = text.css; path = Style.css; sourceTree = "<group>"; };
		985B58C530055ED20070D6E7 /* SceneDelegate.swift */ = {isa = PBXFileReference; lastKnownFileType = sourcecode.swift; path = SceneDelegate.swift; sourceTree = "<group>"; };
		985B58C730055ED20070D6E7 /* ViewController.swift */ = {isa = PBXFileReference; lastKnownFileType = sourcecode.swift; path = ViewController.swift; sourceTree = "<group>"; };
		985B58CA30055ED20070D6E7 /* Base */ = {isa = PBXFileReference; lastKnownFileType = file.storyboard; name = Base; path = Base.lproj/LaunchScreen.storyboard; sourceTree = "<group>"; };
		985B58CD30055ED20070D6E7 /* Base */ = {isa = PBXFileReference; lastKnownFileType = file.storyboard; name = Base; path = Base.lproj/Main.storyboard; sourceTree = "<group>"; };
		985B58CF30055ED20070D6E7 /* Assets.xcassets */ = {isa = PBXFileReference; lastKnownFileType = folder.assetcatalog; path = Assets.xcassets; sourceTree = "<group>"; };
		985B58D030055ED20070D6E7 /* Info.plist */ = {isa = PBXFileReference; lastKnownFileType = text.plist.xml; path = Info.plist; sourceTree = "<group>"; };
		985B58D530055ED20070D6E7 /* Bookwalka Extension.appex */ = {isa = PBXFileReference; explicitFileType = "wrapper.app-extension"; includeInIndex = 0; path = "Bookwalka Extension.appex"; sourceTree = BUILT_PRODUCTS_DIR; };
		985B58DA30055ED20070D6E7 /* SafariWebExtensionHandler.swift */ = {isa = PBXFileReference; lastKnownFileType = sourcecode.swift; path = SafariWebExtensionHandler.swift; sourceTree = "<group>"; };
		985B58DC30055ED20070D6E7 /* Info.plist */ = {isa = PBXFileReference; lastKnownFileType = text.plist.xml; path = Info.plist; sourceTree = "<group>"; };
		985B58E830055ED20070D6E7 /* bell.png */ = {isa = PBXFileReference; lastKnownFileType = image.png; name = bell.png; path = Resources/bell.png; sourceTree = "<group>"; };
		985B58E930055ED20070D6E7 /* index.html */ = {isa = PBXFileReference; lastKnownFileType = text.html; name = index.html; path = Resources/index.html; sourceTree = "<group>"; };
		985B58EA30055ED20070D6E7 /* manifest.json */ = {isa = PBXFileReference; lastKnownFileType = text.json; name = manifest.json; path = Resources/manifest.json; sourceTree = "<group>"; };
		985B58EB30055ED20070D6E7 /* content-script.js */ = {isa = PBXFileReference; lastKnownFileType = sourcecode.javascript; name = "content-script.js"; path = "Resources/content-script.js"; sourceTree = "<group>"; };
		985B58EC30055ED20070D6E7 /* service-worker.js */ = {isa = PBXFileReference; lastKnownFileType = sourcecode.javascript; name = "service-worker.js"; path = "Resources/service-worker.js"; sourceTree = "<group>"; };
		985B58ED30055ED20070D6E7 /* assets */ = {isa = PBXFileReference; lastKnownFileType = folder; name = assets; path = Resources/assets; sourceTree = "<group>"; };
		985B58EE30055ED20070D6E7 /* icons.svg */ = {isa = PBXFileReference; lastKnownFileType = text; name = icons.svg; path = Resources/icons.svg; sourceTree = "<group>"; };
		985B58EF30055ED20070D6E7 /* favicon.svg */ = {isa = PBXFileReference; lastKnownFileType = text; name = favicon.svg; path = Resources/favicon.svg; sourceTree = "<group>"; };
/* End PBXFileReference section */

/* Begin PBXFrameworksBuildPhase section */
		985B58B530055ED20070D6E7 /* Frameworks */ = {
			isa = PBXFrameworksBuildPhase;
			buildActionMask = 2147483647;
			files = (
			);
			runOnlyForDeploymentPostprocessing = 0;
		};
		985B58D230055ED20070D6E7 /* Frameworks */ = {
			isa = PBXFrameworksBuildPhase;
			buildActionMask = 2147483647;
			files = (
			);
			runOnlyForDeploymentPostprocessing = 0;
		};
/* End PBXFrameworksBuildPhase section */

/* Begin PBXGroup section */
		985B58AF30055ED20070D6E7 = {
			isa = PBXGroup;
			children = (
				985B58BA30055ED20070D6E7 /* Bookwalka */,
				985B58D930055ED20070D6E7 /* Bookwalka Extension */,
				985B58B930055ED20070D6E7 /* Products */,
			);
			sourceTree = "<group>";
		};
		985B58B930055ED20070D6E7 /* Products */ = {
			isa = PBXGroup;
			children = (
				985B58B830055ED20070D6E7 /* Bookwalka.app */,
				985B58D530055ED20070D6E7 /* Bookwalka Extension.appex */,
			);
			name = Products;
			sourceTree = "<group>";
		};
		985B58BA30055ED20070D6E7 /* Bookwalka */ = {
			isa = PBXGroup;
			children = (
				985B58BB30055ED20070D6E7 /* AppDelegate.swift */,
				985B58C530055ED20070D6E7 /* SceneDelegate.swift */,
				985B58C730055ED20070D6E7 /* ViewController.swift */,
				985B58C930055ED20070D6E7 /* LaunchScreen.storyboard */,
				985B58CC30055ED20070D6E7 /* Main.storyboard */,
				985B58CF30055ED20070D6E7 /* Assets.xcassets */,
				985B58D030055ED20070D6E7 /* Info.plist */,
				985B58BD30055ED20070D6E7 /* Resources */,
			);
			path = Bookwalka;
			sourceTree = "<group>";
		};
		985B58BD30055ED20070D6E7 /* Resources */ = {
			isa = PBXGroup;
			children = (
				985B58BE30055ED20070D6E7 /* Main.html */,
				985B58C130055ED20070D6E7 /* Icon.png */,
				985B58C330055ED20070D6E7 /* Style.css */,
			);
			path = Resources;
			sourceTree = "<group>";
		};
		985B58D930055ED20070D6E7 /* Bookwalka Extension */ = {
			isa = PBXGroup;
			children = (
				985B58E730055ED20070D6E7 /* Resources */,
				985B58DA30055ED20070D6E7 /* SafariWebExtensionHandler.swift */,
				985B58DC30055ED20070D6E7 /* Info.plist */,
			);
			path = "Bookwalka Extension";
			sourceTree = "<group>";
		};
		985B58E730055ED20070D6E7 /* Resources */ = {
			isa = PBXGroup;
			children = (
				985B58E830055ED20070D6E7 /* bell.png */,
				985B58E930055ED20070D6E7 /* index.html */,
				985B58EA30055ED20070D6E7 /* manifest.json */,
				985B58EB30055ED20070D6E7 /* content-script.js */,
				985B58EC30055ED20070D6E7 /* service-worker.js */,
				985B58ED30055ED20070D6E7 /* assets */,
				985B58EE30055ED20070D6E7 /* icons.svg */,
				985B58EF30055ED20070D6E7 /* favicon.svg */,
			);
			name = Resources;
			path = "Bookwalka Extension";
			sourceTree = SOURCE_ROOT;
		};
/* End PBXGroup section */

/* Begin PBXNativeTarget section */
		985B58B730055ED20070D6E7 /* Bookwalka */ = {
			isa = PBXNativeTarget;
			buildConfigurationList = 985B58E430055ED20070D6E7 /* Build configuration list for PBXNativeTarget "Bookwalka" */;
			buildPhases = (
				985B58B430055ED20070D6E7 /* Sources */,
				985B58B530055ED20070D6E7 /* Frameworks */,
				985B58B630055ED20070D6E7 /* Resources */,
				985B58E330055ED20070D6E7 /* Embed Foundation Extensions */,
			);
			buildRules = (
			);
			dependencies = (
				985B58D830055ED20070D6E7 /* PBXTargetDependency */,
			);
			name = Bookwalka;
			packageProductDependencies = (
			);
			productName = Bookwalka;
			productReference = 985B58B830055ED20070D6E7 /* Bookwalka.app */;
			productType = "com.apple.product-type.application";
		};
		985B58D430055ED20070D6E7 /* Bookwalka Extension */ = {
			isa = PBXNativeTarget;
			buildConfigurationList = 985B58E030055ED20070D6E7 /* Build configuration list for PBXNativeTarget "Bookwalka Extension" */;
			buildPhases = (
				985B58D130055ED20070D6E7 /* Sources */,
				985B58D230055ED20070D6E7 /* Frameworks */,
				985B58D330055ED20070D6E7 /* Resources */,
			);
			buildRules = (
			);
			dependencies = (
			);
			name = "Bookwalka Extension";
			packageProductDependencies = (
			);
			productName = "Bookwalka Extension";
			productReference = 985B58D530055ED20070D6E7 /* Bookwalka Extension.appex */;
			productType = "com.apple.product-type.app-extension";
		};
/* End PBXNativeTarget section */

/* Begin PBXProject section */
		985B58B030055ED20070D6E7 /* Project object */ = {
			isa = PBXProject;
			attributes = {
				BuildIndependentTargetsInParallel = 1;
				LastSwiftUpdateCheck = 2660;
				LastUpgradeCheck = 2660;
				TargetAttributes = {
					985B58B730055ED20070D6E7 = {
						CreatedOnToolsVersion = 26.6;
					};
					985B58D430055ED20070D6E7 = {
						CreatedOnToolsVersion = 26.6;
					};
				};
			};
			buildConfigurationList = 985B58B330055ED20070D6E7 /* Build configuration list for PBXProject "Bookwalka" */;
			developmentRegion = en;
			hasScannedForEncodings = 0;
			knownRegions = (
				en,
				Base,
			);
			mainGroup = 985B58AF30055ED20070D6E7;
			minimizedProjectReferenceProxies = 1;
			preferredProjectObjectVersion = 77;
			productRefGroup = 985B58B930055ED20070D6E7 /* Products */;
			projectDirPath = "";
			projectRoot = "";
			targets = (
				985B58B730055ED20070D6E7 /* Bookwalka */,
				985B58D430055ED20070D6E7 /* Bookwalka Extension */,
			);
		};
/* End PBXProject section */

/* Begin PBXResourcesBuildPhase section */
		985B58B630055ED20070D6E7 /* Resources */ = {
			isa = PBXResourcesBuildPhase;
			buildActionMask = 2147483647;
			files = (
				985B58C230055ED20070D6E7 /* Icon.png in Resources */,
				985B58CE30055ED20070D6E7 /* Main.storyboard in Resources */,
				985B58CB30055ED20070D6E7 /* LaunchScreen.storyboard in Resources */,
				985B58C030055ED20070D6E7 /* Main.html in Resources */,
				985B58DD30055ED20070D6E7 /* Assets.xcassets in Resources */,
				985B58C430055ED20070D6E7 /* Style.css in Resources */,
			);
			runOnlyForDeploymentPostprocessing = 0;
		};
		985B58D330055ED20070D6E7 /* Resources */ = {
			isa = PBXResourcesBuildPhase;
			buildActionMask = 2147483647;
			files = (
				985B58F030055ED20070D6E7 /* bell.png in Resources */,
				985B58F430055ED20070D6E7 /* service-worker.js in Resources */,
				985B58F330055ED20070D6E7 /* content-script.js in Resources */,
				985B58F530055ED20070D6E7 /* assets in Resources */,
				985B58F230055ED20070D6E7 /* manifest.json in Resources */,
				985B58F630055ED20070D6E7 /* icons.svg in Resources */,
				985B58F130055ED20070D6E7 /* index.html in Resources */,
				985B58F730055ED20070D6E7 /* favicon.svg in Resources */,
			);
			runOnlyForDeploymentPostprocessing = 0;
		};
/* End PBXResourcesBuildPhase section */

/* Begin PBXSourcesBuildPhase section */
		985B58B430055ED20070D6E7 /* Sources */ = {
			isa = PBXSourcesBuildPhase;
			buildActionMask = 2147483647;
			files = (
				985B58C830055ED20070D6E7 /* ViewController.swift in Sources */,
				985B58BC30055ED20070D6E7 /* AppDelegate.swift in Sources */,
				985B58C630055ED20070D6E7 /* SceneDelegate.swift in Sources */,
			);
			runOnlyForDeploymentPostprocessing = 0;
		};
		985B58D130055ED20070D6E7 /* Sources */ = {
			isa = PBXSourcesBuildPhase;
			buildActionMask = 2147483647;
			files = (
				985B58DB30055ED20070D6E7 /* SafariWebExtensionHandler.swift in Sources */,
			);
			runOnlyForDeploymentPostprocessing = 0;
		};
/* End PBXSourcesBuildPhase section */

/* Begin PBXTargetDependency section */
		985B58D830055ED20070D6E7 /* PBXTargetDependency */ = {
			isa = PBXTargetDependency;
			target = 985B58D430055ED20070D6E7 /* Bookwalka Extension */;
			targetProxy = 985B58D730055ED20070D6E7 /* PBXContainerItemProxy */;
		};
/* End PBXTargetDependency section */

/* Begin PBXVariantGroup section */
		985B58BE30055ED20070D6E7 /* Main.html */ = {
			isa = PBXVariantGroup;
			children = (
				985B58BF30055ED20070D6E7 /* Base */,
			);
			name = Main.html;
			sourceTree = "<group>";
		};
		985B58C930055ED20070D6E7 /* LaunchScreen.storyboard */ = {
			isa = PBXVariantGroup;
			children = (
				985B58CA30055ED20070D6E7 /* Base */,
			);
			name = LaunchScreen.storyboard;
			sourceTree = "<group>";
		};
		985B58CC30055ED20070D6E7 /* Main.storyboard */ = {
			isa = PBXVariantGroup;
			children = (
				985B58CD30055ED20070D6E7 /* Base */,
			);
			name = Main.storyboard;
			sourceTree = "<group>";
		};
/* End PBXVariantGroup section */

/* Begin XCBuildConfiguration section */
		985B58DE30055ED20070D6E7 /* Debug */ = {
			isa = XCBuildConfiguration;
			buildSettings = {
				ALWAYS_SEARCH_USER_PATHS = NO;
				ASSETCATALOG_COMPILER_GENERATE_SWIFT_ASSET_SYMBOL_EXTENSIONS = YES;
				CLANG_ANALYZER_NONNULL = YES;
				CLANG_ANALYZER_NUMBER_OBJECT_CONVERSION = YES_AGGRESSIVE;
				CLANG_CXX_LANGUAGE_STANDARD = "gnu++20";
				CLANG_ENABLE_MODULES = YES;
				CLANG_ENABLE_OBJC_ARC = YES;
				CLANG_ENABLE_OBJC_WEAK = YES;
				CLANG_WARN_BLOCK_CAPTURE_AUTORELEASING = YES;
				CLANG_WARN_BOOL_CONVERSION = YES;
				CLANG_WARN_COMMA = YES;
				CLANG_WARN_CONSTANT_CONVERSION = YES;
				CLANG_WARN_DEPRECATED_OBJC_IMPLEMENTATIONS = YES;
				CLANG_WARN_DIRECT_OBJC_ISA_USAGE = YES_ERROR;
				CLANG_WARN_DOCUMENTATION_COMMENTS = YES;
				CLANG_WARN_EMPTY_BODY = YES;
				CLANG_WARN_ENUM_CONVERSION = YES;
				CLANG_WARN_INFINITE_RECURSION = YES;
				CLANG_WARN_INT_CONVERSION = YES;
				CLANG_WARN_NON_LITERAL_NULL_CONVERSION = YES;
				CLANG_WARN_OBJC_IMPLICIT_RETAIN_SELF = YES;
				CLANG_WARN_OBJC_LITERAL_CONVERSION = YES;
				CLANG_WARN_OBJC_ROOT_CLASS = YES_ERROR;
				CLANG_WARN_QUOTED_INCLUDE_IN_FRAMEWORK_HEADER = YES;
				CLANG_WARN_RANGE_LOOP_ANALYSIS = YES;
				CLANG_WARN_STRICT_PROTOTYPES = YES;
				CLANG_WARN_SUSPICIOUS_MOVE = YES;
				CLANG_WARN_UNGUARDED_AVAILABILITY = YES_AGGRESSIVE;
				CLANG_WARN_UNREACHABLE_CODE = YES;
				CLANG_WARN__DUPLICATE_METHOD_MATCH = YES;
				COPY_PHASE_STRIP = NO;
				DEBUG_INFORMATION_FORMAT = dwarf;
				ENABLE_STRICT_OBJC_MSGSEND = YES;
				ENABLE_TESTABILITY = YES;
				ENABLE_USER_SCRIPT_SANDBOXING = YES;
				GCC_C_LANGUAGE_STANDARD = gnu17;
				GCC_DYNAMIC_NO_PIC = NO;
				GCC_NO_COMMON_BLOCKS = YES;
				GCC_OPTIMIZATION_LEVEL = 0;
				GCC_PREPROCESSOR_DEFINITIONS = (
					"DEBUG=1",
					"$(inherited)",
				);
				GCC_WARN_64_TO_32_BIT_CONVERSION = YES;
				GCC_WARN_ABOUT_RETURN_TYPE = YES_ERROR;
				GCC_WARN_UNDECLARED_SELECTOR = YES;
				GCC_WARN_UNINITIALIZED_AUTOS = YES_AGGRESSIVE;
				GCC_WARN_UNUSED_FUNCTION = YES;
				GCC_WARN_UNUSED_VARIABLE = YES;
				IPHONEOS_DEPLOYMENT_TARGET = 26.5;
				LOCALIZATION_PREFERS_STRING_CATALOGS = YES;
				MTL_ENABLE_DEBUG_INFO = INCLUDE_SOURCE;
				MTL_FAST_MATH = YES;
				ONLY_ACTIVE_ARCH = YES;
				SDKROOT = iphoneos;
				SWIFT_ACTIVE_COMPILATION_CONDITIONS = "DEBUG $(inherited)";
				SWIFT_OPTIMIZATION_LEVEL = "-Onone";
			};
			name = Debug;
		};
		985B58DF30055ED20070D6E7 /* Release */ = {
			isa = XCBuildConfiguration;
			buildSettings = {
				ALWAYS_SEARCH_USER_PATHS = NO;
				ASSETCATALOG_COMPILER_GENERATE_SWIFT_ASSET_SYMBOL_EXTENSIONS = YES;
				CLANG_ANALYZER_NONNULL = YES;
				CLANG_ANALYZER_NUMBER_OBJECT_CONVERSION = YES_AGGRESSIVE;
				CLANG_CXX_LANGUAGE_STANDARD = "gnu++20";
				CLANG_ENABLE_MODULES = YES;
				CLANG_ENABLE_OBJC_ARC = YES;
				CLANG_ENABLE_OBJC_WEAK = YES;
				CLANG_WARN_BLOCK_CAPTURE_AUTORELEASING = YES;
				CLANG_WARN_BOOL_CONVERSION = YES;
				CLANG_WARN_COMMA = YES;
				CLANG_WARN_CONSTANT_CONVERSION = YES;
				CLANG_WARN_DEPRECATED_OBJC_IMPLEMENTATIONS = YES;
				CLANG_WARN_DIRECT_OBJC_ISA_USAGE = YES_ERROR;
				CLANG_WARN_DOCUMENTATION_COMMENTS = YES;
				CLANG_WARN_EMPTY_BODY = YES;
				CLANG_WARN_ENUM_CONVERSION = YES;
				CLANG_WARN_INFINITE_RECURSION = YES;
				CLANG_WARN_INT_CONVERSION = YES;
				CLANG_WARN_NON_LITERAL_NULL_CONVERSION = YES;
				CLANG_WARN_OBJC_IMPLICIT_RETAIN_SELF = YES;
				CLANG_WARN_OBJC_LITERAL_CONVERSION = YES;
				CLANG_WARN_OBJC_ROOT_CLASS = YES_ERROR;
				CLANG_WARN_QUOTED_INCLUDE_IN_FRAMEWORK_HEADER = YES;
				CLANG_WARN_RANGE_LOOP_ANALYSIS = YES;
				CLANG_WARN_STRICT_PROTOTYPES = YES;
				CLANG_WARN_SUSPICIOUS_MOVE = YES;
				CLANG_WARN_UNGUARDED_AVAILABILITY = YES_AGGRESSIVE;
				CLANG_WARN_UNREACHABLE_CODE = YES;
				CLANG_WARN__DUPLICATE_METHOD_MATCH = YES;
				COPY_PHASE_STRIP = NO;
				DEBUG_INFORMATION_FORMAT = "dwarf-with-dsym";
				ENABLE_NS_ASSERTIONS = NO;
				ENABLE_STRICT_OBJC_MSGSEND = YES;
				ENABLE_USER_SCRIPT_SANDBOXING = YES;
				GCC_C_LANGUAGE_STANDARD = gnu17;
				GCC_NO_COMMON_BLOCKS = YES;
				GCC_WARN_64_TO_32_BIT_CONVERSION = YES;
				GCC_WARN_ABOUT_RETURN_TYPE = YES_ERROR;
				GCC_WARN_UNDECLARED_SELECTOR = YES;
				GCC_WARN_UNINITIALIZED_AUTOS = YES_AGGRESSIVE;
				GCC_WARN_UNUSED_FUNCTION = YES;
				GCC_WARN_UNUSED_VARIABLE = YES;
				IPHONEOS_DEPLOYMENT_TARGET = 26.5;
				LOCALIZATION_PREFERS_STRING_CATALOGS = YES;
				MTL_ENABLE_DEBUG_INFO = NO;
				MTL_FAST_MATH = YES;
				SDKROOT = iphoneos;
				SWIFT_COMPILATION_MODE = wholemodule;
				VALIDATE_PRODUCT = YES;
			};
			name = Release;
		};
		985B58E130055ED20070D6E7 /* Debug */ = {
			isa = XCBuildConfiguration;
			buildSettings = {
				CODE_SIGN_STYLE = Automatic;
				CURRENT_PROJECT_VERSION = 1;
				DEVELOPMENT_TEAM = "";
				GENERATE_INFOPLIST_FILE = YES;
				INFOPLIST_FILE = "Bookwalka Extension/Info.plist";
				INFOPLIST_KEY_CFBundleDisplayName = "Bookwalka Extension";
				INFOPLIST_KEY_NSHumanReadableCopyright = "";
				IPHONEOS_DEPLOYMENT_TARGET = 15.0;
				LD_RUNPATH_SEARCH_PATHS = (
					"$(inherited)",
					"@executable_path/Frameworks",
					"@executable_path/../../Frameworks",
				);
				MARKETING_VERSION = 1.0;
				OTHER_LDFLAGS = (
					"-framework",
					SafariServices,
				);
				PRODUCT_BUNDLE_IDENTIFIER = com.sbstcano.BookwalkaApp.Extension;
				PRODUCT_NAME = "$(TARGET_NAME)";
				SKIP_INSTALL = YES;
				STRING_CATALOG_GENERATE_SYMBOLS = YES;
				SWIFT_APPROACHABLE_CONCURRENCY = YES;
				SWIFT_EMIT_LOC_STRINGS = YES;
				SWIFT_UPCOMING_FEATURE_MEMBER_IMPORT_VISIBILITY = YES;
				SWIFT_VERSION = 5.0;
				TARGETED_DEVICE_FAMILY = "1,2";
			};
			name = Debug;
		};
		985B58E230055ED20070D6E7 /* Release */ = {
			isa = XCBuildConfiguration;
			buildSettings = {
				CODE_SIGN_STYLE = Automatic;
				CURRENT_PROJECT_VERSION = 1;
				DEVELOPMENT_TEAM = "";
				GENERATE_INFOPLIST_FILE = YES;
				INFOPLIST_FILE = "Bookwalka Extension/Info.plist";
				INFOPLIST_KEY_CFBundleDisplayName = "Bookwalka Extension";
				INFOPLIST_KEY_NSHumanReadableCopyright = "";
				IPHONEOS_DEPLOYMENT_TARGET = 15.0;
				LD_RUNPATH_SEARCH_PATHS = (
					"$(inherited)",
					"@executable_path/Frameworks",
					"@executable_path/../../Frameworks",
				);
				MARKETING_VERSION = 1.0;
				OTHER_LDFLAGS = (
					"-framework",
					SafariServices,
				);
				PRODUCT_BUNDLE_IDENTIFIER = com.sbstcano.BookwalkaApp.Extension;
				PRODUCT_NAME = "$(TARGET_NAME)";
				SKIP_INSTALL = YES;
				STRING_CATALOG_GENERATE_SYMBOLS = YES;
				SWIFT_APPROACHABLE_CONCURRENCY = YES;
				SWIFT_EMIT_LOC_STRINGS = YES;
				SWIFT_UPCOMING_FEATURE_MEMBER_IMPORT_VISIBILITY = YES;
				SWIFT_VERSION = 5.0;
				TARGETED_DEVICE_FAMILY = "1,2";
			};
			name = Release;
		};
		985B58E530055ED20070D6E7 /* Debug */ = {
			isa = XCBuildConfiguration;
			buildSettings = {
				ASSETCATALOG_COMPILER_APPICON_NAME = AppIcon;
				ASSETCATALOG_COMPILER_GLOBAL_ACCENT_COLOR_NAME = AccentColor;
				CODE_SIGN_STYLE = Automatic;
				CURRENT_PROJECT_VERSION = 1;
				DEVELOPMENT_TEAM = "";
				GENERATE_INFOPLIST_FILE = YES;
				INFOPLIST_FILE = Bookwalka/Info.plist;
				INFOPLIST_KEY_CFBundleDisplayName = Bookwalka;
				INFOPLIST_KEY_UIApplicationSupportsIndirectInputEvents = YES;
				INFOPLIST_KEY_UILaunchStoryboardName = LaunchScreen;
				INFOPLIST_KEY_UIMainStoryboardFile = Main;
				INFOPLIST_KEY_UISupportedInterfaceOrientations_iPad = "UIInterfaceOrientationPortrait UIInterfaceOrientationPortraitUpsideDown UIInterfaceOrientationLandscapeLeft UIInterfaceOrientationLandscapeRight";
				INFOPLIST_KEY_UISupportedInterfaceOrientations_iPhone = "UIInterfaceOrientationPortrait UIInterfaceOrientationLandscapeLeft UIInterfaceOrientationLandscapeRight";
				IPHONEOS_DEPLOYMENT_TARGET = 15.0;
				LD_RUNPATH_SEARCH_PATHS = (
					"$(inherited)",
					"@executable_path/Frameworks",
				);
				MARKETING_VERSION = 1.0;
				OTHER_LDFLAGS = (
					"-framework",
					SafariServices,
					"-framework",
					WebKit,
				);
				PRODUCT_BUNDLE_IDENTIFIER = com.sbstcano.BookwalkaApp;
				PRODUCT_NAME = "$(TARGET_NAME)";
				STRING_CATALOG_GENERATE_SYMBOLS = YES;
				SWIFT_APPROACHABLE_CONCURRENCY = YES;
				SWIFT_DEFAULT_ACTOR_ISOLATION = MainActor;
				SWIFT_EMIT_LOC_STRINGS = YES;
				SWIFT_UPCOMING_FEATURE_MEMBER_IMPORT_VISIBILITY = YES;
				SWIFT_VERSION = 5.0;
				TARGETED_DEVICE_FAMILY = "1,2";
			};
			name = Debug;
		};
		985B58E630055ED20070D6E7 /* Release */ = {
			isa = XCBuildConfiguration;
			buildSettings = {
				ASSETCATALOG_COMPILER_APPICON_NAME = AppIcon;
				ASSETCATALOG_COMPILER_GLOBAL_ACCENT_COLOR_NAME = AccentColor;
				CODE_SIGN_STYLE = Automatic;
				CURRENT_PROJECT_VERSION = 1;
				DEVELOPMENT_TEAM = "";
				GENERATE_INFOPLIST_FILE = YES;
				INFOPLIST_FILE = Bookwalka/Info.plist;
				INFOPLIST_KEY_CFBundleDisplayName = Bookwalka;
				INFOPLIST_KEY_UIApplicationSupportsIndirectInputEvents = YES;
				INFOPLIST_KEY_UILaunchStoryboardName = LaunchScreen;
				INFOPLIST_KEY_UIMainStoryboardFile = Main;
				INFOPLIST_KEY_UISupportedInterfaceOrientations_iPad = "UIInterfaceOrientationPortrait UIInterfaceOrientationPortraitUpsideDown UIInterfaceOrientationLandscapeLeft UIInterfaceOrientationLandscapeRight";
				INFOPLIST_KEY_UISupportedInterfaceOrientations_iPhone = "UIInterfaceOrientationPortrait UIInterfaceOrientationLandscapeLeft UIInterfaceOrientationLandscapeRight";
				IPHONEOS_DEPLOYMENT_TARGET = 15.0;
				LD_RUNPATH_SEARCH_PATHS = (
					"$(inherited)",
					"@executable_path/Frameworks",
				);
				MARKETING_VERSION = 1.0;
				OTHER_LDFLAGS = (
					"-framework",
					SafariServices,
					"-framework",
					WebKit,
				);
				PRODUCT_BUNDLE_IDENTIFIER = com.sbstcano.BookwalkaApp;
				PRODUCT_NAME = "$(TARGET_NAME)";
				STRING_CATALOG_GENERATE_SYMBOLS = YES;
				SWIFT_APPROACHABLE_CONCURRENCY = YES;
				SWIFT_DEFAULT_ACTOR_ISOLATION = MainActor;
				SWIFT_EMIT_LOC_STRINGS = YES;
				SWIFT_UPCOMING_FEATURE_MEMBER_IMPORT_VISIBILITY = YES;
				SWIFT_VERSION = 5.0;
				TARGETED_DEVICE_FAMILY = "1,2";
			};
			name = Release;
		};
/* End XCBuildConfiguration section */

/* Begin XCConfigurationList section */
		985B58B330055ED20070D6E7 /* Build configuration list for PBXProject "Bookwalka" */ = {
			isa = XCConfigurationList;
			buildConfigurations = (
				985B58DE30055ED20070D6E7 /* Debug */,
				985B58DF30055ED20070D6E7 /* Release */,
			);
			defaultConfigurationIsVisible = 0;
			defaultConfigurationName = Release;
		};
		985B58E030055ED20070D6E7 /* Build configuration list for PBXNativeTarget "Bookwalka Extension" */ = {
			isa = XCConfigurationList;
			buildConfigurations = (
				985B58E130055ED20070D6E7 /* Debug */,
				985B58E230055ED20070D6E7 /* Release */,
			);
			defaultConfigurationIsVisible = 0;
			defaultConfigurationName = Release;
		};
		985B58E430055ED20070D6E7 /* Build configuration list for PBXNativeTarget "Bookwalka" */ = {
			isa = XCConfigurationList;
			buildConfigurations = (
				985B58E530055ED20070D6E7 /* Debug */,
				985B58E630055ED20070D6E7 /* Release */,
			);
			defaultConfigurationIsVisible = 0;
			defaultConfigurationName = Release;
		};
/* End XCConfigurationList section */
	};
	rootObject = 985B58B030055ED20070D6E7 /* Project object */;
}
