// !$*UTF8*$!
{
	archiveVersion = 1;
	classes = {
	};
	objectVersion = 77;
	objects = {

/* Begin PBXBuildFile section */
		9809F06430069C6E000835A2 /* AppDelegate.swift in Sources */ = {isa = PBXBuildFile; fileRef = 9809F06330069C6E000835A2 /* AppDelegate.swift */; };
		9809F06830069C6E000835A2 /* Main.html in Resources */ = {isa = PBXBuildFile; fileRef = 9809F06630069C6E000835A2 /* Main.html */; };
		9809F06A30069C6E000835A2 /* Icon.png in Resources */ = {isa = PBXBuildFile; fileRef = 9809F06930069C6E000835A2 /* Icon.png */; };
		9809F06C30069C6E000835A2 /* Style.css in Resources */ = {isa = PBXBuildFile; fileRef = 9809F06B30069C6E000835A2 /* Style.css */; };
		9809F06E30069C6E000835A2 /* SceneDelegate.swift in Sources */ = {isa = PBXBuildFile; fileRef = 9809F06D30069C6E000835A2 /* SceneDelegate.swift */; };
		9809F07030069C6E000835A2 /* ViewController.swift in Sources */ = {isa = PBXBuildFile; fileRef = 9809F06F30069C6E000835A2 /* ViewController.swift */; };
		9809F07330069C6E000835A2 /* LaunchScreen.storyboard in Resources */ = {isa = PBXBuildFile; fileRef = 9809F07130069C6E000835A2 /* LaunchScreen.storyboard */; };
		9809F07630069C6E000835A2 /* Main.storyboard in Resources */ = {isa = PBXBuildFile; fileRef = 9809F07430069C6E000835A2 /* Main.storyboard */; };
		9809F07E30069C6F000835A2 /* Bookwalka Extension.appex in Embed Foundation Extensions */ = {isa = PBXBuildFile; fileRef = 9809F07D30069C6F000835A2 /* Bookwalka Extension.appex */; settings = {ATTRIBUTES = (RemoveHeadersOnCopy, ); }; };
		9809F08330069C6F000835A2 /* SafariWebExtensionHandler.swift in Sources */ = {isa = PBXBuildFile; fileRef = 9809F08230069C6F000835A2 /* SafariWebExtensionHandler.swift */; };
		9809F08530069C6F000835A2 /* Assets.xcassets in Resources */ = {isa = PBXBuildFile; fileRef = 9809F07730069C6F000835A2 /* Assets.xcassets */; };
		9809F09830069C6F000835A2 /* bell.png in Resources */ = {isa = PBXBuildFile; fileRef = 9809F09030069C6F000835A2 /* bell.png */; };
		9809F09930069C6F000835A2 /* index.html in Resources */ = {isa = PBXBuildFile; fileRef = 9809F09130069C6F000835A2 /* index.html */; };
		9809F09A30069C6F000835A2 /* manifest.json in Resources */ = {isa = PBXBuildFile; fileRef = 9809F09230069C6F000835A2 /* manifest.json */; };
		9809F09B30069C6F000835A2 /* content-script.js in Resources */ = {isa = PBXBuildFile; fileRef = 9809F09330069C6F000835A2 /* content-script.js */; };
		9809F09C30069C6F000835A2 /* service-worker.js in Resources */ = {isa = PBXBuildFile; fileRef = 9809F09430069C6F000835A2 /* service-worker.js */; };
		9809F09D30069C6F000835A2 /* assets in Resources */ = {isa = PBXBuildFile; fileRef = 9809F09530069C6F000835A2 /* assets */; };
		9809F09E30069C6F000835A2 /* icons.svg in Resources */ = {isa = PBXBuildFile; fileRef = 9809F09630069C6F000835A2 /* icons.svg */; };
		9809F09F30069C6F000835A2 /* favicon.svg in Resources */ = {isa = PBXBuildFile; fileRef = 9809F09730069C6F000835A2 /* favicon.svg */; };
/* End PBXBuildFile section */

/* Begin PBXContainerItemProxy section */
		9809F07F30069C6F000835A2 /* PBXContainerItemProxy */ = {
			isa = PBXContainerItemProxy;
			containerPortal = 9809F05830069C6E000835A2 /* Project object */;
			proxyType = 1;
			remoteGlobalIDString = 9809F07C30069C6F000835A2;
			remoteInfo = "Bookwalka Extension";
		};
/* End PBXContainerItemProxy section */

/* Begin PBXCopyFilesBuildPhase section */
		9809F08B30069C6F000835A2 /* Embed Foundation Extensions */ = {
			isa = PBXCopyFilesBuildPhase;
			buildActionMask = 2147483647;
			dstPath = "";
			dstSubfolderSpec = 13;
			files = (
				9809F07E30069C6F000835A2 /* Bookwalka Extension.appex in Embed Foundation Extensions */,
			);
			name = "Embed Foundation Extensions";
			runOnlyForDeploymentPostprocessing = 0;
		};
/* End PBXCopyFilesBuildPhase section */

/* Begin PBXFileReference section */
		9809F06030069C6E000835A2 /* Bookwalka.app */ = {isa = PBXFileReference; explicitFileType = wrapper.application; includeInIndex = 0; path = Bookwalka.app; sourceTree = BUILT_PRODUCTS_DIR; };
		9809F06330069C6E000835A2 /* AppDelegate.swift */ = {isa = PBXFileReference; lastKnownFileType = sourcecode.swift; path = AppDelegate.swift; sourceTree = "<group>"; };
		9809F06730069C6E000835A2 /* Base */ = {isa = PBXFileReference; lastKnownFileType = text.html; name = Base; path = Base.lproj/Main.html; sourceTree = "<group>"; };
		9809F06930069C6E000835A2 /* Icon.png */ = {isa = PBXFileReference; lastKnownFileType = image.png; path = Icon.png; sourceTree = "<group>"; };
		9809F06B30069C6E000835A2 /* Style.css */ = {isa = PBXFileReference; lastKnownFileType = text.css; path = Style.css; sourceTree = "<group>"; };
		9809F06D30069C6E000835A2 /* SceneDelegate.swift */ = {isa = PBXFileReference; lastKnownFileType = sourcecode.swift; path = SceneDelegate.swift; sourceTree = "<group>"; };
		9809F06F30069C6E000835A2 /* ViewController.swift */ = {isa = PBXFileReference; lastKnownFileType = sourcecode.swift; path = ViewController.swift; sourceTree = "<group>"; };
		9809F07230069C6E000835A2 /* Base */ = {isa = PBXFileReference; lastKnownFileType = file.storyboard; name = Base; path = Base.lproj/LaunchScreen.storyboard; sourceTree = "<group>"; };
		9809F07530069C6E000835A2 /* Base */ = {isa = PBXFileReference; lastKnownFileType = file.storyboard; name = Base; path = Base.lproj/Main.storyboard; sourceTree = "<group>"; };
		9809F07730069C6F000835A2 /* Assets.xcassets */ = {isa = PBXFileReference; lastKnownFileType = folder.assetcatalog; path = Assets.xcassets; sourceTree = "<group>"; };
		9809F07830069C6F000835A2 /* Info.plist */ = {isa = PBXFileReference; lastKnownFileType = text.plist.xml; path = Info.plist; sourceTree = "<group>"; };
		9809F07D30069C6F000835A2 /* Bookwalka Extension.appex */ = {isa = PBXFileReference; explicitFileType = "wrapper.app-extension"; includeInIndex = 0; path = "Bookwalka Extension.appex"; sourceTree = BUILT_PRODUCTS_DIR; };
		9809F08230069C6F000835A2 /* SafariWebExtensionHandler.swift */ = {isa = PBXFileReference; lastKnownFileType = sourcecode.swift; path = SafariWebExtensionHandler.swift; sourceTree = "<group>"; };
		9809F08430069C6F000835A2 /* Info.plist */ = {isa = PBXFileReference; lastKnownFileType = text.plist.xml; path = Info.plist; sourceTree = "<group>"; };
		9809F09030069C6F000835A2 /* bell.png */ = {isa = PBXFileReference; lastKnownFileType = image.png; name = bell.png; path = Resources/bell.png; sourceTree = "<group>"; };
		9809F09130069C6F000835A2 /* index.html */ = {isa = PBXFileReference; lastKnownFileType = text.html; name = index.html; path = Resources/index.html; sourceTree = "<group>"; };
		9809F09230069C6F000835A2 /* manifest.json */ = {isa = PBXFileReference; lastKnownFileType = text.json; name = manifest.json; path = Resources/manifest.json; sourceTree = "<group>"; };
		9809F09330069C6F000835A2 /* content-script.js */ = {isa = PBXFileReference; lastKnownFileType = sourcecode.javascript; name = "content-script.js"; path = "Resources/content-script.js"; sourceTree = "<group>"; };
		9809F09430069C6F000835A2 /* service-worker.js */ = {isa = PBXFileReference; lastKnownFileType = sourcecode.javascript; name = "service-worker.js"; path = "Resources/service-worker.js"; sourceTree = "<group>"; };
		9809F09530069C6F000835A2 /* assets */ = {isa = PBXFileReference; lastKnownFileType = folder; name = assets; path = Resources/assets; sourceTree = "<group>"; };
		9809F09630069C6F000835A2 /* icons.svg */ = {isa = PBXFileReference; lastKnownFileType = text; name = icons.svg; path = Resources/icons.svg; sourceTree = "<group>"; };
		9809F09730069C6F000835A2 /* favicon.svg */ = {isa = PBXFileReference; lastKnownFileType = text; name = favicon.svg; path = Resources/favicon.svg; sourceTree = "<group>"; };
/* End PBXFileReference section */

/* Begin PBXFrameworksBuildPhase section */
		9809F05D30069C6E000835A2 /* Frameworks */ = {
			isa = PBXFrameworksBuildPhase;
			buildActionMask = 2147483647;
			files = (
			);
			runOnlyForDeploymentPostprocessing = 0;
		};
		9809F07A30069C6F000835A2 /* Frameworks */ = {
			isa = PBXFrameworksBuildPhase;
			buildActionMask = 2147483647;
			files = (
			);
			runOnlyForDeploymentPostprocessing = 0;
		};
/* End PBXFrameworksBuildPhase section */

/* Begin PBXGroup section */
		9809F05730069C6E000835A2 = {
			isa = PBXGroup;
			children = (
				9809F06230069C6E000835A2 /* Bookwalka */,
				9809F08130069C6F000835A2 /* Bookwalka Extension */,
				9809F06130069C6E000835A2 /* Products */,
			);
			sourceTree = "<group>";
		};
		9809F06130069C6E000835A2 /* Products */ = {
			isa = PBXGroup;
			children = (
				9809F06030069C6E000835A2 /* Bookwalka.app */,
				9809F07D30069C6F000835A2 /* Bookwalka Extension.appex */,
			);
			name = Products;
			sourceTree = "<group>";
		};
		9809F06230069C6E000835A2 /* Bookwalka */ = {
			isa = PBXGroup;
			children = (
				9809F06330069C6E000835A2 /* AppDelegate.swift */,
				9809F06D30069C6E000835A2 /* SceneDelegate.swift */,
				9809F06F30069C6E000835A2 /* ViewController.swift */,
				9809F07130069C6E000835A2 /* LaunchScreen.storyboard */,
				9809F07430069C6E000835A2 /* Main.storyboard */,
				9809F07730069C6F000835A2 /* Assets.xcassets */,
				9809F07830069C6F000835A2 /* Info.plist */,
				9809F06530069C6E000835A2 /* Resources */,
			);
			path = Bookwalka;
			sourceTree = "<group>";
		};
		9809F06530069C6E000835A2 /* Resources */ = {
			isa = PBXGroup;
			children = (
				9809F06630069C6E000835A2 /* Main.html */,
				9809F06930069C6E000835A2 /* Icon.png */,
				9809F06B30069C6E000835A2 /* Style.css */,
			);
			path = Resources;
			sourceTree = "<group>";
		};
		9809F08130069C6F000835A2 /* Bookwalka Extension */ = {
			isa = PBXGroup;
			children = (
				9809F08F30069C6F000835A2 /* Resources */,
				9809F08230069C6F000835A2 /* SafariWebExtensionHandler.swift */,
				9809F08430069C6F000835A2 /* Info.plist */,
			);
			path = "Bookwalka Extension";
			sourceTree = "<group>";
		};
		9809F08F30069C6F000835A2 /* Resources */ = {
			isa = PBXGroup;
			children = (
				9809F09030069C6F000835A2 /* bell.png */,
				9809F09130069C6F000835A2 /* index.html */,
				9809F09230069C6F000835A2 /* manifest.json */,
				9809F09330069C6F000835A2 /* content-script.js */,
				9809F09430069C6F000835A2 /* service-worker.js */,
				9809F09530069C6F000835A2 /* assets */,
				9809F09630069C6F000835A2 /* icons.svg */,
				9809F09730069C6F000835A2 /* favicon.svg */,
			);
			name = Resources;
			path = "Bookwalka Extension";
			sourceTree = SOURCE_ROOT;
		};
/* End PBXGroup section */

/* Begin PBXNativeTarget section */
		9809F05F30069C6E000835A2 /* Bookwalka */ = {
			isa = PBXNativeTarget;
			buildConfigurationList = 9809F08C30069C6F000835A2 /* Build configuration list for PBXNativeTarget "Bookwalka" */;
			buildPhases = (
				9809F05C30069C6E000835A2 /* Sources */,
				9809F05D30069C6E000835A2 /* Frameworks */,
				9809F05E30069C6E000835A2 /* Resources */,
				9809F08B30069C6F000835A2 /* Embed Foundation Extensions */,
			);
			buildRules = (
			);
			dependencies = (
				9809F08030069C6F000835A2 /* PBXTargetDependency */,
			);
			name = Bookwalka;
			packageProductDependencies = (
			);
			productName = Bookwalka;
			productReference = 9809F06030069C6E000835A2 /* Bookwalka.app */;
			productType = "com.apple.product-type.application";
		};
		9809F07C30069C6F000835A2 /* Bookwalka Extension */ = {
			isa = PBXNativeTarget;
			buildConfigurationList = 9809F08830069C6F000835A2 /* Build configuration list for PBXNativeTarget "Bookwalka Extension" */;
			buildPhases = (
				9809F07930069C6F000835A2 /* Sources */,
				9809F07A30069C6F000835A2 /* Frameworks */,
				9809F07B30069C6F000835A2 /* Resources */,
			);
			buildRules = (
			);
			dependencies = (
			);
			name = "Bookwalka Extension";
			packageProductDependencies = (
			);
			productName = "Bookwalka Extension";
			productReference = 9809F07D30069C6F000835A2 /* Bookwalka Extension.appex */;
			productType = "com.apple.product-type.app-extension";
		};
/* End PBXNativeTarget section */

/* Begin PBXProject section */
		9809F05830069C6E000835A2 /* Project object */ = {
			isa = PBXProject;
			attributes = {
				BuildIndependentTargetsInParallel = 1;
				LastSwiftUpdateCheck = 2660;
				LastUpgradeCheck = 2660;
				TargetAttributes = {
					9809F05F30069C6E000835A2 = {
						CreatedOnToolsVersion = 26.6;
					};
					9809F07C30069C6F000835A2 = {
						CreatedOnToolsVersion = 26.6;
					};
				};
			};
			buildConfigurationList = 9809F05B30069C6E000835A2 /* Build configuration list for PBXProject "Bookwalka" */;
			developmentRegion = en;
			hasScannedForEncodings = 0;
			knownRegions = (
				en,
				Base,
			);
			mainGroup = 9809F05730069C6E000835A2;
			minimizedProjectReferenceProxies = 1;
			preferredProjectObjectVersion = 77;
			productRefGroup = 9809F06130069C6E000835A2 /* Products */;
			projectDirPath = "";
			projectRoot = "";
			targets = (
				9809F05F30069C6E000835A2 /* Bookwalka */,
				9809F07C30069C6F000835A2 /* Bookwalka Extension */,
			);
		};
/* End PBXProject section */

/* Begin PBXResourcesBuildPhase section */
		9809F05E30069C6E000835A2 /* Resources */ = {
			isa = PBXResourcesBuildPhase;
			buildActionMask = 2147483647;
			files = (
				9809F06A30069C6E000835A2 /* Icon.png in Resources */,
				9809F07630069C6E000835A2 /* Main.storyboard in Resources */,
				9809F07330069C6E000835A2 /* LaunchScreen.storyboard in Resources */,
				9809F06830069C6E000835A2 /* Main.html in Resources */,
				9809F08530069C6F000835A2 /* Assets.xcassets in Resources */,
				9809F06C30069C6E000835A2 /* Style.css in Resources */,
			);
			runOnlyForDeploymentPostprocessing = 0;
		};
		9809F07B30069C6F000835A2 /* Resources */ = {
			isa = PBXResourcesBuildPhase;
			buildActionMask = 2147483647;
			files = (
				9809F09830069C6F000835A2 /* bell.png in Resources */,
				9809F09C30069C6F000835A2 /* service-worker.js in Resources */,
				9809F09B30069C6F000835A2 /* content-script.js in Resources */,
				9809F09D30069C6F000835A2 /* assets in Resources */,
				9809F09A30069C6F000835A2 /* manifest.json in Resources */,
				9809F09E30069C6F000835A2 /* icons.svg in Resources */,
				9809F09930069C6F000835A2 /* index.html in Resources */,
				9809F09F30069C6F000835A2 /* favicon.svg in Resources */,
			);
			runOnlyForDeploymentPostprocessing = 0;
		};
/* End PBXResourcesBuildPhase section */

/* Begin PBXSourcesBuildPhase section */
		9809F05C30069C6E000835A2 /* Sources */ = {
			isa = PBXSourcesBuildPhase;
			buildActionMask = 2147483647;
			files = (
				9809F07030069C6E000835A2 /* ViewController.swift in Sources */,
				9809F06430069C6E000835A2 /* AppDelegate.swift in Sources */,
				9809F06E30069C6E000835A2 /* SceneDelegate.swift in Sources */,
			);
			runOnlyForDeploymentPostprocessing = 0;
		};
		9809F07930069C6F000835A2 /* Sources */ = {
			isa = PBXSourcesBuildPhase;
			buildActionMask = 2147483647;
			files = (
				9809F08330069C6F000835A2 /* SafariWebExtensionHandler.swift in Sources */,
			);
			runOnlyForDeploymentPostprocessing = 0;
		};
/* End PBXSourcesBuildPhase section */

/* Begin PBXTargetDependency section */
		9809F08030069C6F000835A2 /* PBXTargetDependency */ = {
			isa = PBXTargetDependency;
			target = 9809F07C30069C6F000835A2 /* Bookwalka Extension */;
			targetProxy = 9809F07F30069C6F000835A2 /* PBXContainerItemProxy */;
		};
/* End PBXTargetDependency section */

/* Begin PBXVariantGroup section */
		9809F06630069C6E000835A2 /* Main.html */ = {
			isa = PBXVariantGroup;
			children = (
				9809F06730069C6E000835A2 /* Base */,
			);
			name = Main.html;
			sourceTree = "<group>";
		};
		9809F07130069C6E000835A2 /* LaunchScreen.storyboard */ = {
			isa = PBXVariantGroup;
			children = (
				9809F07230069C6E000835A2 /* Base */,
			);
			name = LaunchScreen.storyboard;
			sourceTree = "<group>";
		};
		9809F07430069C6E000835A2 /* Main.storyboard */ = {
			isa = PBXVariantGroup;
			children = (
				9809F07530069C6E000835A2 /* Base */,
			);
			name = Main.storyboard;
			sourceTree = "<group>";
		};
/* End PBXVariantGroup section */

/* Begin XCBuildConfiguration section */
		9809F08630069C6F000835A2 /* Debug */ = {
			isa = XCBuildConfiguration;
			buildSettings = {
				ALWAYS_SEARCH_USER_PATHS = NO;
				ASSETCATALOG_COMPILER_GENERATE_SWIFT_ASSET_SYMBOL_EXTENSIONS = YES;
				CLANG_ANALYZER_NONNULL = YES;
				CLANG_ANALYZER_NUMBER_OBJECT_CONVERSION = YES_AGGRESSIVE;
				CLANG_CXX_LANGUAGE_STANDARD = "gnu++20";
				CLANG_ENABLE_MODULES = YES;
				CLANG_ENABLE_OBJC_ARC = YES;
				CLANG_ENABLE_OBJC_WEAK = YES;
				CLANG_WARN_BLOCK_CAPTURE_AUTORELEASING = YES;
				CLANG_WARN_BOOL_CONVERSION = YES;
				CLANG_WARN_COMMA = YES;
				CLANG_WARN_CONSTANT_CONVERSION = YES;
				CLANG_WARN_DEPRECATED_OBJC_IMPLEMENTATIONS = YES;
				CLANG_WARN_DIRECT_OBJC_ISA_USAGE = YES_ERROR;
				CLANG_WARN_DOCUMENTATION_COMMENTS = YES;
				CLANG_WARN_EMPTY_BODY = YES;
				CLANG_WARN_ENUM_CONVERSION = YES;
				CLANG_WARN_INFINITE_RECURSION = YES;
				CLANG_WARN_INT_CONVERSION = YES;
				CLANG_WARN_NON_LITERAL_NULL_CONVERSION = YES;
				CLANG_WARN_OBJC_IMPLICIT_RETAIN_SELF = YES;
				CLANG_WARN_OBJC_LITERAL_CONVERSION = YES;
				CLANG_WARN_OBJC_ROOT_CLASS = YES_ERROR;
				CLANG_WARN_QUOTED_INCLUDE_IN_FRAMEWORK_HEADER = YES;
				CLANG_WARN_RANGE_LOOP_ANALYSIS = YES;
				CLANG_WARN_STRICT_PROTOTYPES = YES;
				CLANG_WARN_SUSPICIOUS_MOVE = YES;
				CLANG_WARN_UNGUARDED_AVAILABILITY = YES_AGGRESSIVE;
				CLANG_WARN_UNREACHABLE_CODE = YES;
				CLANG_WARN__DUPLICATE_METHOD_MATCH = YES;
				COPY_PHASE_STRIP = NO;
				DEBUG_INFORMATION_FORMAT = dwarf;
				ENABLE_STRICT_OBJC_MSGSEND = YES;
				ENABLE_TESTABILITY = YES;
				ENABLE_USER_SCRIPT_SANDBOXING = YES;
				GCC_C_LANGUAGE_STANDARD = gnu17;
				GCC_DYNAMIC_NO_PIC = NO;
				GCC_NO_COMMON_BLOCKS = YES;
				GCC_OPTIMIZATION_LEVEL = 0;
				GCC_PREPROCESSOR_DEFINITIONS = (
					"DEBUG=1",
					"$(inherited)",
				);
				GCC_WARN_64_TO_32_BIT_CONVERSION = YES;
				GCC_WARN_ABOUT_RETURN_TYPE = YES_ERROR;
				GCC_WARN_UNDECLARED_SELECTOR = YES;
				GCC_WARN_UNINITIALIZED_AUTOS = YES_AGGRESSIVE;
				GCC_WARN_UNUSED_FUNCTION = YES;
				GCC_WARN_UNUSED_VARIABLE = YES;
				IPHONEOS_DEPLOYMENT_TARGET = 26.5;
				LOCALIZATION_PREFERS_STRING_CATALOGS = YES;
				MTL_ENABLE_DEBUG_INFO = INCLUDE_SOURCE;
				MTL_FAST_MATH = YES;
				ONLY_ACTIVE_ARCH = YES;
				SDKROOT = iphoneos;
				SWIFT_ACTIVE_COMPILATION_CONDITIONS = "DEBUG $(inherited)";
				SWIFT_OPTIMIZATION_LEVEL = "-Onone";
			};
			name = Debug;
		};
		9809F08730069C6F000835A2 /* Release */ = {
			isa = XCBuildConfiguration;
			buildSettings = {
				ALWAYS_SEARCH_USER_PATHS = NO;
				ASSETCATALOG_COMPILER_GENERATE_SWIFT_ASSET_SYMBOL_EXTENSIONS = YES;
				CLANG_ANALYZER_NONNULL = YES;
				CLANG_ANALYZER_NUMBER_OBJECT_CONVERSION = YES_AGGRESSIVE;
				CLANG_CXX_LANGUAGE_STANDARD = "gnu++20";
				CLANG_ENABLE_MODULES = YES;
				CLANG_ENABLE_OBJC_ARC = YES;
				CLANG_ENABLE_OBJC_WEAK = YES;
				CLANG_WARN_BLOCK_CAPTURE_AUTORELEASING = YES;
				CLANG_WARN_BOOL_CONVERSION = YES;
				CLANG_WARN_COMMA = YES;
				CLANG_WARN_CONSTANT_CONVERSION = YES;
				CLANG_WARN_DEPRECATED_OBJC_IMPLEMENTATIONS = YES;
				CLANG_WARN_DIRECT_OBJC_ISA_USAGE = YES_ERROR;
				CLANG_WARN_DOCUMENTATION_COMMENTS = YES;
				CLANG_WARN_EMPTY_BODY = YES;
				CLANG_WARN_ENUM_CONVERSION = YES;
				CLANG_WARN_INFINITE_RECURSION = YES;
				CLANG_WARN_INT_CONVERSION = YES;
				CLANG_WARN_NON_LITERAL_NULL_CONVERSION = YES;
				CLANG_WARN_OBJC_IMPLICIT_RETAIN_SELF = YES;
				CLANG_WARN_OBJC_LITERAL_CONVERSION = YES;
				CLANG_WARN_OBJC_ROOT_CLASS = YES_ERROR;
				CLANG_WARN_QUOTED_INCLUDE_IN_FRAMEWORK_HEADER = YES;
				CLANG_WARN_RANGE_LOOP_ANALYSIS = YES;
				CLANG_WARN_STRICT_PROTOTYPES = YES;
				CLANG_WARN_SUSPICIOUS_MOVE = YES;
				CLANG_WARN_UNGUARDED_AVAILABILITY = YES_AGGRESSIVE;
				CLANG_WARN_UNREACHABLE_CODE = YES;
				CLANG_WARN__DUPLICATE_METHOD_MATCH = YES;
				COPY_PHASE_STRIP = NO;
				DEBUG_INFORMATION_FORMAT = "dwarf-with-dsym";
				ENABLE_NS_ASSERTIONS = NO;
				ENABLE_STRICT_OBJC_MSGSEND = YES;
				ENABLE_USER_SCRIPT_SANDBOXING = YES;
				GCC_C_LANGUAGE_STANDARD = gnu17;
				GCC_NO_COMMON_BLOCKS = YES;
				GCC_WARN_64_TO_32_BIT_CONVERSION = YES;
				GCC_WARN_ABOUT_RETURN_TYPE = YES_ERROR;
				GCC_WARN_UNDECLARED_SELECTOR = YES;
				GCC_WARN_UNINITIALIZED_AUTOS = YES_AGGRESSIVE;
				GCC_WARN_UNUSED_FUNCTION = YES;
				GCC_WARN_UNUSED_VARIABLE = YES;
				IPHONEOS_DEPLOYMENT_TARGET = 26.5;
				LOCALIZATION_PREFERS_STRING_CATALOGS = YES;
				MTL_ENABLE_DEBUG_INFO = NO;
				MTL_FAST_MATH = YES;
				SDKROOT = iphoneos;
				SWIFT_COMPILATION_MODE = wholemodule;
				VALIDATE_PRODUCT = YES;
			};
			name = Release;
		};
		9809F08930069C6F000835A2 /* Debug */ = {
			isa = XCBuildConfiguration;
			buildSettings = {
				CODE_SIGN_STYLE = Automatic;
				CURRENT_PROJECT_VERSION = 1;
				DEVELOPMENT_TEAM = "";
				GENERATE_INFOPLIST_FILE = YES;
				INFOPLIST_FILE = "Bookwalka Extension/Info.plist";
				INFOPLIST_KEY_CFBundleDisplayName = "Bookwalka Extension";
				INFOPLIST_KEY_NSHumanReadableCopyright = "";
				IPHONEOS_DEPLOYMENT_TARGET = 15.0;
				LD_RUNPATH_SEARCH_PATHS = (
					"$(inherited)",
					"@executable_path/Frameworks",
					"@executable_path/../../Frameworks",
				);
				MARKETING_VERSION = 1.0;
				OTHER_LDFLAGS = (
					"-framework",
					SafariServices,
				);
				PRODUCT_BUNDLE_IDENTIFIER = com.sbstcano.BookwalkaApp.Extension;
				PRODUCT_NAME = "$(TARGET_NAME)";
				SKIP_INSTALL = YES;
				STRING_CATALOG_GENERATE_SYMBOLS = YES;
				SWIFT_APPROACHABLE_CONCURRENCY = YES;
				SWIFT_EMIT_LOC_STRINGS = YES;
				SWIFT_UPCOMING_FEATURE_MEMBER_IMPORT_VISIBILITY = YES;
				SWIFT_VERSION = 5.0;
				TARGETED_DEVICE_FAMILY = "1,2";
			};
			name = Debug;
		};
		9809F08A30069C6F000835A2 /* Release */ = {
			isa = XCBuildConfiguration;
			buildSettings = {
				CODE_SIGN_STYLE = Automatic;
				CURRENT_PROJECT_VERSION = 1;
				DEVELOPMENT_TEAM = "";
				GENERATE_INFOPLIST_FILE = YES;
				INFOPLIST_FILE = "Bookwalka Extension/Info.plist";
				INFOPLIST_KEY_CFBundleDisplayName = "Bookwalka Extension";
				INFOPLIST_KEY_NSHumanReadableCopyright = "";
				IPHONEOS_DEPLOYMENT_TARGET = 15.0;
				LD_RUNPATH_SEARCH_PATHS = (
					"$(inherited)",
					"@executable_path/Frameworks",
					"@executable_path/../../Frameworks",
				);
				MARKETING_VERSION = 1.0;
				OTHER_LDFLAGS = (
					"-framework",
					SafariServices,
				);
				PRODUCT_BUNDLE_IDENTIFIER = com.sbstcano.BookwalkaApp.Extension;
				PRODUCT_NAME = "$(TARGET_NAME)";
				SKIP_INSTALL = YES;
				STRING_CATALOG_GENERATE_SYMBOLS = YES;
				SWIFT_APPROACHABLE_CONCURRENCY = YES;
				SWIFT_EMIT_LOC_STRINGS = YES;
				SWIFT_UPCOMING_FEATURE_MEMBER_IMPORT_VISIBILITY = YES;
				SWIFT_VERSION = 5.0;
				TARGETED_DEVICE_FAMILY = "1,2";
			};
			name = Release;
		};
		9809F08D30069C6F000835A2 /* Debug */ = {
			isa = XCBuildConfiguration;
			buildSettings = {
				ASSETCATALOG_COMPILER_APPICON_NAME = AppIcon;
				ASSETCATALOG_COMPILER_GLOBAL_ACCENT_COLOR_NAME = AccentColor;
				CODE_SIGN_STYLE = Automatic;
				CURRENT_PROJECT_VERSION = 1;
				DEVELOPMENT_TEAM = "";
				GENERATE_INFOPLIST_FILE = YES;
				INFOPLIST_FILE = Bookwalka/Info.plist;
				INFOPLIST_KEY_CFBundleDisplayName = Bookwalka;
				INFOPLIST_KEY_UIApplicationSupportsIndirectInputEvents = YES;
				INFOPLIST_KEY_UILaunchStoryboardName = LaunchScreen;
				INFOPLIST_KEY_UIMainStoryboardFile = Main;
				INFOPLIST_KEY_UISupportedInterfaceOrientations_iPad = "UIInterfaceOrientationPortrait UIInterfaceOrientationPortraitUpsideDown UIInterfaceOrientationLandscapeLeft UIInterfaceOrientationLandscapeRight";
				INFOPLIST_KEY_UISupportedInterfaceOrientations_iPhone = "UIInterfaceOrientationPortrait UIInterfaceOrientationLandscapeLeft UIInterfaceOrientationLandscapeRight";
				IPHONEOS_DEPLOYMENT_TARGET = 15.0;
				LD_RUNPATH_SEARCH_PATHS = (
					"$(inherited)",
					"@executable_path/Frameworks",
				);
				MARKETING_VERSION = 1.0;
				OTHER_LDFLAGS = (
					"-framework",
					SafariServices,
					"-framework",
					WebKit,
				);
				PRODUCT_BUNDLE_IDENTIFIER = com.sbstcano.BookwalkaApp;
				PRODUCT_NAME = "$(TARGET_NAME)";
				STRING_CATALOG_GENERATE_SYMBOLS = YES;
				SWIFT_APPROACHABLE_CONCURRENCY = YES;
				SWIFT_DEFAULT_ACTOR_ISOLATION = MainActor;
				SWIFT_EMIT_LOC_STRINGS = YES;
				SWIFT_UPCOMING_FEATURE_MEMBER_IMPORT_VISIBILITY = YES;
				SWIFT_VERSION = 5.0;
				TARGETED_DEVICE_FAMILY = "1,2";
			};
			name = Debug;
		};
		9809F08E30069C6F000835A2 /* Release */ = {
			isa = XCBuildConfiguration;
			buildSettings = {
				ASSETCATALOG_COMPILER_APPICON_NAME = AppIcon;
				ASSETCATALOG_COMPILER_GLOBAL_ACCENT_COLOR_NAME = AccentColor;
				CODE_SIGN_STYLE = Automatic;
				CURRENT_PROJECT_VERSION = 1;
				DEVELOPMENT_TEAM = "";
				GENERATE_INFOPLIST_FILE = YES;
				INFOPLIST_FILE = Bookwalka/Info.plist;
				INFOPLIST_KEY_CFBundleDisplayName = Bookwalka;
				INFOPLIST_KEY_UIApplicationSupportsIndirectInputEvents = YES;
				INFOPLIST_KEY_UILaunchStoryboardName = LaunchScreen;
				INFOPLIST_KEY_UIMainStoryboardFile = Main;
				INFOPLIST_KEY_UISupportedInterfaceOrientations_iPad = "UIInterfaceOrientationPortrait UIInterfaceOrientationPortraitUpsideDown UIInterfaceOrientationLandscapeLeft UIInterfaceOrientationLandscapeRight";
				INFOPLIST_KEY_UISupportedInterfaceOrientations_iPhone = "UIInterfaceOrientationPortrait UIInterfaceOrientationLandscapeLeft UIInterfaceOrientationLandscapeRight";
				IPHONEOS_DEPLOYMENT_TARGET = 15.0;
				LD_RUNPATH_SEARCH_PATHS = (
					"$(inherited)",
					"@executable_path/Frameworks",
				);
				MARKETING_VERSION = 1.0;
				OTHER_LDFLAGS = (
					"-framework",
					SafariServices,
					"-framework",
					WebKit,
				);
				PRODUCT_BUNDLE_IDENTIFIER = com.sbstcano.BookwalkaApp;
				PRODUCT_NAME = "$(TARGET_NAME)";
				STRING_CATALOG_GENERATE_SYMBOLS = YES;
				SWIFT_APPROACHABLE_CONCURRENCY = YES;
				SWIFT_DEFAULT_ACTOR_ISOLATION = MainActor;
				SWIFT_EMIT_LOC_STRINGS = YES;
				SWIFT_UPCOMING_FEATURE_MEMBER_IMPORT_VISIBILITY = YES;
				SWIFT_VERSION = 5.0;
				TARGETED_DEVICE_FAMILY = "1,2";
			};
			name = Release;
		};
/* End XCBuildConfiguration section */

/* Begin XCConfigurationList section */
		9809F05B30069C6E000835A2 /* Build configuration list for PBXProject "Bookwalka" */ = {
			isa = XCConfigurationList;
			buildConfigurations = (
				9809F08630069C6F000835A2 /* Debug */,
				9809F08730069C6F000835A2 /* Release */,
			);
			defaultConfigurationIsVisible = 0;
			defaultConfigurationName = Release;
		};
		9809F08830069C6F000835A2 /* Build configuration list for PBXNativeTarget "Bookwalka Extension" */ = {
			isa = XCConfigurationList;
			buildConfigurations = (
				9809F08930069C6F000835A2 /* Debug */,
				9809F08A30069C6F000835A2 /* Release */,
			);
			defaultConfigurationIsVisible = 0;
			defaultConfigurationName = Release;
		};
		9809F08C30069C6F000835A2 /* Build configuration list for PBXNativeTarget "Bookwalka" */ = {
			isa = XCConfigurationList;
			buildConfigurations = (
				9809F08D30069C6F000835A2 /* Debug */,
				9809F08E30069C6F000835A2 /* Release */,
			);
			defaultConfigurationIsVisible = 0;
			defaultConfigurationName = Release;
		};
/* End XCConfigurationList section */
	};
	rootObject = 9809F05830069C6E000835A2 /* Project object */;
}
